
Microsoft Visual Studio Solution File, Format Version 12.00
# Visual Studio Version 16
VisualStudioVersion = 16.0.30717.126
MinimumVisualStudioVersion = 10.0.40219.1
Project("{D2ABAB84-BF74-430A-B69E-9DC6D40DDA17}") = "MultidimensionalProject1", "MultidimensionalProject1.dwproj", "{D7A84F0C-6841-4FF8-A78C-CF47856FBFFA}"
EndProject
Global
	GlobalSection(SolutionConfigurationPlatforms) = preSolution
		Development|Default = Development|Default
	EndGlobalSection
	GlobalSection(ProjectConfigurationPlatforms) = postSolution
		{D7A84F0C-6841-4FF8-A78C-CF47856FBFFA}.Development|Default.ActiveCfg = Development
		{D7A84F0C-6841-4FF8-A78C-CF47856FBFFA}.Development|Default.Build.0 = Development
		{D7A84F0C-6841-4FF8-A78C-CF47856FBFFA}.Development|Default.Deploy.0 = Development
	EndGlobalSection
	GlobalSection(SolutionProperties) = preSolution
		HideSolutionNode = FALSE
	EndGlobalSection
	GlobalSection(ExtensibilityGlobals) = postSolution
		SolutionGuid = {A8A9A29B-FE39-444F-9A91-430BC301792A}
	EndGlobalSection
EndGlobal
