
Microsoft Visual Studio Solution File, Format Version 12.00
# Visual Studio Version 16
VisualStudioVersion = 16.0.30717.126
MinimumVisualStudioVersion = 10.0.40219.1
Project("{159641D6-6404-4A2A-AE62-294DE0FE8301}") = "Integration Services Project1", "Integration Services Project1.dtproj", "{374E77F4-1FDA-436F-A5C4-93D58CEF3F5D}"
EndProject
Global
	GlobalSection(SolutionConfigurationPlatforms) = preSolution
		Development|Default = Development|Default
	EndGlobalSection
	GlobalSection(ProjectConfigurationPlatforms) = postSolution
		{374E77F4-1FDA-436F-A5C4-93D58CEF3F5D}.Development|Default.ActiveCfg = Development
		{374E77F4-1FDA-436F-A5C4-93D58CEF3F5D}.Development|Default.Build.0 = Development
	EndGlobalSection
	GlobalSection(SolutionProperties) = preSolution
		HideSolutionNode = FALSE
	EndGlobalSection
	GlobalSection(ExtensibilityGlobals) = postSolution
		SolutionGuid = {5B534AD8-DE8F-4A81-B143-0956262C3966}
	EndGlobalSection
EndGlobal
